---
lockfileVersion: 1
lockfileVendor: redhat
arches:
- arch: aarch64
  packages:
  - url: https://cdn-ubi.redhat.com/content/public/ubi/dist/ubi9/9/aarch64/appstream/os/Packages/i/iperf3-3.9-17.el9_8.1.aarch64.rpm
    repoid: ubi-9-for-aarch64-appstream-rpms
    size: 112957
    checksum: sha256:8ac3cff2e08f2e93d4e73dc0539843ef12bb0517c818cf1486d641898842230b
    name: iperf3
    evr: 3.9-17.el9_8.1
    sourcerpm: iperf3-3.9-17.el9_8.1.src.rpm
  - url: https://cdn-ubi.redhat.com/content/public/ubi/dist/ubi9/9/aarch64/appstream/os/Packages/o/oniguruma-6.9.6-1.el9.5.aarch64.rpm
    repoid: ubi-9-for-aarch64-appstream-rpms
    size: 222582
    checksum: sha256:bc2305dad655ddb94f966158112efd6cefa6824d5aa2e80f63881f16cee74598
    name: oniguruma
    evr: 6.9.6-1.el9.5
    sourcerpm: oniguruma-6.9.6-1.el9.5.src.rpm
  - url: https://cdn-ubi.redhat.com/content/public/ubi/dist/ubi9/9/aarch64/appstream/os/Packages/t/tcpdump-4.99.0-9.el9.aarch64.rpm
    repoid: ubi-9-for-aarch64-appstream-rpms
    size: 548341
    checksum: sha256:9cfbbb0b1ea4902364770d4082f5d121088709e3c89d8efa375da5e0be463077
    name: tcpdump
    evr: 14:4.99.0-9.el9
    sourcerpm: tcpdump-4.99.0-9.el9.src.rpm
  - url: https://cdn-ubi.redhat.com/content/public/ubi/dist/ubi9/9/aarch64/appstream/os/Packages/w/wget-1.21.1-11.el9_8.aarch64.rpm
    repoid: ubi-9-for-aarch64-appstream-rpms
    size: 803658
    checksum: sha256:fc87cebd183a429b065a54384eccad18c2b786497262926406da13b1d7a1abe9
    name: wget
    evr: 1.21.1-11.el9_8
    sourcerpm: wget-1.21.1-11.el9_8.src.rpm
  - url: https://cdn-ubi.redhat.com/content/public/ubi/dist/ubi9/9/aarch64/baseos/os/Packages/b/bc-1.07.1-14.el9.aarch64.rpm
    repoid: ubi-9-for-aarch64-baseos-rpms
    size: 125966
    checksum: sha256:c88872b3ded640ac750a7e232e8745383b912376c24e7c9e18514f16eeefcd71
    name: bc
    evr: 1.07.1-14.el9
    sourcerpm: bc-1.07.1-14.el9.src.rpm
  - url: https://cdn-ubi.redhat.com/content/public/ubi/dist/ubi9/9/aarch64/baseos/os/Packages/c/cryptsetup-libs-2.8.1-3.el9.aarch64.rpm
    repoid: ubi-9-for-aarch64-baseos-rpms
    size: 579399
    checksum: sha256:2e124853d4d4df1d5a329ccb2a69d0591a13229b0a547d820ca3a21c5a969526
    name: cryptsetup-libs
    evr: 2.8.1-3.el9
    sourcerpm: cryptsetup-2.8.1-3.el9.src.rpm
  - url: https://cdn-ubi.redhat.com/content/public/ubi/dist/ubi9/9/aarch64/baseos/os/Packages/d/device-mapper-1.02.207-4.el9_8.1.aarch64.rpm
    repoid: ubi-9-for-aarch64-baseos-rpms
    size: 148169
    checksum: sha256:65372240381a5eaa8044a4afd3a95c35d4a36542e621676a96668a34b378ddeb
    name: device-mapper
    evr: 9:1.02.207-4.el9_8.1
    sourcerpm: lvm2-2.03.33-4.el9_8.1.src.rpm
  - url: https://cdn-ubi.redhat.com/content/public/ubi/dist/ubi9/9/aarch64/baseos/os/Packages/d/device-mapper-libs-1.02.207-4.el9_8.1.aarch64.rpm
    repoid: ubi-9-for-aarch64-baseos-rpms
    size: 183442
    checksum: sha256:b165a450fd733b850b005ebbb09be44f3f932b779ddad5e7c3d32912f5592d4b
    name: device-mapper-libs
    evr: 9:1.02.207-4.el9_8.1
    sourcerpm: lvm2-2.03.33-4.el9_8.1.src.rpm
  - url: https://cdn-ubi.redhat.com/content/public/ubi/dist/ubi9/9/aarch64/baseos/os/Packages/e/ethtool-6.15-2.el9.aarch64.rpm
    repoid: ubi-9-for-aarch64-baseos-rpms
    size: 322706
    checksum: sha256:46d003aa6e2a61c1022fe838595c89092f33930ad2ddd77c49e4e116bde234b6
    name: ethtool
    evr: 2:6.15-2.el9
    sourcerpm: ethtool-6.15-2.el9.src.rpm
  - url: https://cdn-ubi.redhat.com/content/public/ubi/dist/ubi9/9/aarch64/baseos/os/Packages/h/hostname-3.23-6.el9.aarch64.rpm
    repoid: ubi-9-for-aarch64-baseos-rpms
    size: 33374
    checksum: sha256:db9eb59805f25764549f8105825c987b7bd359a86624d4633dd5d4283959ed97
    name: hostname
    evr: 3.23-6.el9
    sourcerpm: hostname-3.23-6.el9.src.rpm
  - url: https://cdn-ubi.redhat.com/content/public/ubi/dist/ubi9/9/aarch64/baseos/os/Packages/h/hwdata-0.348-9.22.el9.noarch.rpm
    repoid: ubi-9-for-aarch64-baseos-rpms
    size: 1773961
    checksum: sha256:c037e4b4e6168eff309f75b1c3b96359734f887528d0d9bb4a6b0dc8e7bcc0e2
    name: hwdata
    evr: 0.348-9.22.el9
    sourcerpm: hwdata-0.348-9.22.el9.src.rpm
  - url: https://cdn-ubi.redhat.com/content/public/ubi/dist/ubi9/9/aarch64/baseos/os/Packages/i/iputils-20210202-15.el9_7.aarch64.rpm
    repoid: ubi-9-for-aarch64-baseos-rpms
    size: 178424
    checksum: sha256:8222a701f1debf48726c8675183a890a8a82626903ac31f2b48a1718505dcc5b
    name: iputils
    evr: 20210202-15.el9_7
    sourcerpm: iputils-20210202-15.el9_7.src.rpm
  - url: https://cdn-ubi.redhat.com/content/public/ubi/dist/ubi9/9/aarch64/baseos/os/Packages/j/jq-1.6-19.el9_8.2.aarch64.rpm
    repoid: ubi-9-for-aarch64-baseos-rpms
    size: 191195
    checksum: sha256:633aaf3e87b19d4a591bd9f47cd81fde8ec49629d3f58932addfc8a134b7949d
    name: jq
    evr: 1.6-19.el9_8.2
    sourcerpm: jq-1.6-19.el9_8.2.src.rpm
  - url: https://cdn-ubi.redhat.com/content/public/ubi/dist/ubi9/9/aarch64/baseos/os/Packages/k/kbd-2.4.0-12.el9_8.aarch64.rpm
    repoid: ubi-9-for-aarch64-baseos-rpms
    size: 419233
    checksum: sha256:2e9d8fa972d2cea49db46bea3655be88648092780f8be399d613f70ae1f99614
    name: kbd
    evr: 2.4.0-12.el9_8
    sourcerpm: kbd-2.4.0-12.el9_8.src.rpm
  - url: https://cdn-ubi.redhat.com/content/public/ubi/dist/ubi9/9/aarch64/baseos/os/Packages/k/kbd-legacy-2.4.0-12.el9_8.noarch.rpm
    repoid: ubi-9-for-aarch64-baseos-rpms
    size: 581999
    checksum: sha256:afa9554281da4aee85281208c67f748363da116cd20703cf454ec8348b3e945d
    name: kbd-legacy
    evr: 2.4.0-12.el9_8
    sourcerpm: kbd-2.4.0-12.el9_8.src.rpm
  - url: https://cdn-ubi.redhat.com/content/public/ubi/dist/ubi9/9/aarch64/baseos/os/Packages/k/kbd-misc-2.4.0-12.el9_8.noarch.rpm
    repoid: ubi-9-for-aarch64-baseos-rpms
    size: 1741836
    checksum: sha256:d18d23826f34a8b7b5ad64eacb4e32cbc0fa5f332d64d70e8e0c27e11b0f2506
    name: kbd-misc
    evr: 2.4.0-12.el9_8
    sourcerpm: kbd-2.4.0-12.el9_8.src.rpm
  - url: https://cdn-ubi.redhat.com/content/public/ubi/dist/ubi9/9/aarch64/baseos/os/Packages/k/kmod-28-11.el9.aarch64.rpm
    repoid: ubi-9-for-aarch64-baseos-rpms
    size: 125869
    checksum: sha256:ed0cf7e6f05e0646f968e862c6b6764c5eac8378f918a33e1b78bcde7a994aa3
    name: kmod
    evr: 28-11.el9
    sourcerpm: kmod-28-11.el9.src.rpm
  - url: https://cdn-ubi.redhat.com/content/public/ubi/dist/ubi9/9/aarch64/baseos/os/Packages/l/libatomic-11.5.0-14.el9.aarch64.rpm
    repoid: ubi-9-for-aarch64-baseos-rpms
    size: 26108
    checksum: sha256:bebe2e8fd98c64d1667e3de1eb3751b7b641bf5d0cd870ed6445fea5c4526326
    name: libatomic
    evr: 11.5.0-14.el9
    sourcerpm: gcc-11.5.0-14.el9.src.rpm
  - url: https://cdn-ubi.redhat.com/content/public/ubi/dist/ubi9/9/aarch64/baseos/os/Packages/l/libibverbs-61.0-2.el9.aarch64.rpm
    repoid: ubi-9-for-aarch64-baseos-rpms
    size: 490223
    checksum: sha256:fefa639490ba2fb332e93fee3db6ed1651fd8c5d138d4b0eb9c6088425198983
    name: libibverbs
    evr: 61.0-2.el9
    sourcerpm: rdma-core-61.0-2.el9.src.rpm
  - url: https://cdn-ubi.redhat.com/content/public/ubi/dist/ubi9/9/aarch64/baseos/os/Packages/l/libnl3-3.11.0-1.el9.aarch64.rpm
    repoid: ubi-9-for-aarch64-baseos-rpms
    size: 363241
    checksum: sha256:91c7bf60c756cd2a457652b95e96e725068898f4ce580b70784fc60a099621b5
    name: libnl3
    evr: 3.11.0-1.el9
    sourcerpm: libnl3-3.11.0-1.el9.src.rpm
  - url: https://cdn-ubi.redhat.com/content/public/ubi/dist/ubi9/9/aarch64/baseos/os/Packages/l/libpcap-1.10.0-4.el9.aarch64.rpm
    repoid: ubi-9-for-aarch64-baseos-rpms
    size: 176251
    checksum: sha256:cd6462c66489eed11b8d9f1acf70a38a1a2629a969a31d0f511eca148783dcdd
    name: libpcap
    evr: 14:1.10.0-4.el9
    sourcerpm: libpcap-1.10.0-4.el9.src.rpm
  - url: https://cdn-ubi.redhat.com/content/public/ubi/dist/ubi9/9/aarch64/baseos/os/Packages/l/libpsl-0.21.1-5.el9.aarch64.rpm
    repoid: ubi-9-for-aarch64-baseos-rpms
    size: 67300
    checksum: sha256:08968334789ba764986d3beb4745de28eb1e2ed401a03dba9d80e75e3179aa76
    name: libpsl
    evr: 0.21.1-5.el9
    sourcerpm: libpsl-0.21.1-5.el9.src.rpm
  - url: https://cdn-ubi.redhat.com/content/public/ubi/dist/ubi9/9/aarch64/baseos/os/Packages/l/lksctp-tools-1.0.19-3.el9_4.aarch64.rpm
    repoid: ubi-9-for-aarch64-baseos-rpms
    size: 104765
    checksum: sha256:cee3d1e0820c08a54280b91e30933393a9010f1ec12b34d4b5bb0ad9ef56ac34
    name: lksctp-tools
    evr: 1.0.19-3.el9_4
    sourcerpm: lksctp-tools-1.0.19-3.el9_4.src.rpm
  - url: https://cdn-ubi.redhat.com/content/public/ubi/dist/ubi9/9/aarch64/baseos/os/Packages/n/net-tools-2.0-0.64.20160912git.el9.aarch64.rpm
    repoid: ubi-9-for-aarch64-baseos-rpms
    size: 321906
    checksum: sha256:ccbb73e55efa999e4e3860dcf7240b1d313c7e288c9c5f4c4991bab843e97513
    name: net-tools
    evr: 2.0-0.64.20160912git.el9
    sourcerpm: net-tools-2.0-0.64.20160912git.el9.src.rpm
  - url: https://cdn-ubi.redhat.com/content/public/ubi/dist/ubi9/9/aarch64/baseos/os/Packages/n/numactl-2.0.19-3.el9.aarch64.rpm
    repoid: ubi-9-for-aarch64-baseos-rpms
    size: 70786
    checksum: sha256:54805736bf5edc41f41f147e33c9491b7c806809da6da4733b17aad2bd8e6258
    name: numactl
    evr: 2.0.19-3.el9
    sourcerpm: numactl-2.0.19-3.el9.src.rpm
  - url: https://cdn-ubi.redhat.com/content/public/ubi/dist/ubi9/9/aarch64/baseos/os/Packages/n/numactl-libs-2.0.19-3.el9.aarch64.rpm
    repoid: ubi-9-for-aarch64-baseos-rpms
    size: 30594
    checksum: sha256:ecbd9d8f86e0c7472d163f5292f10455b15a60a47e48684cc0044b45d7d1dff4
    name: numactl-libs
    evr: 2.0.19-3.el9
    sourcerpm: numactl-2.0.19-3.el9.src.rpm
  - url: https://cdn-ubi.redhat.com/content/public/ubi/dist/ubi9/9/aarch64/baseos/os/Packages/p/pciutils-3.7.0-7.el9.aarch64.rpm
    repoid: ubi-9-for-aarch64-baseos-rpms
    size: 95797
    checksum: sha256:6442e2a06eedbed95bdf4c72c99a2bace611f88b8de85763a531890495d0736c
    name: pciutils
    evr: 3.7.0-7.el9
    sourcerpm: pciutils-3.7.0-7.el9.src.rpm
  - url: https://cdn-ubi.redhat.com/content/public/ubi/dist/ubi9/9/aarch64/baseos/os/Packages/p/pciutils-libs-3.7.0-7.el9.aarch64.rpm
    repoid: ubi-9-for-aarch64-baseos-rpms
    size: 41241
    checksum: sha256:f7fd6fa012a09505c371b7c572e84e23cb253670a954066b0b77b53ec5975602
    name: pciutils-libs
    evr: 3.7.0-7.el9
    sourcerpm: pciutils-3.7.0-7.el9.src.rpm
  - url: https://cdn-ubi.redhat.com/content/public/ubi/dist/ubi9/9/aarch64/baseos/os/Packages/p/procps-ng-3.3.17-14.el9.aarch64.rpm
    repoid: ubi-9-for-aarch64-baseos-rpms
    size: 363344
    checksum: sha256:a8c7514beb4c3cafa6341f43bbe285319d863b2893a34d91159dc8e90f615dd2
    name: procps-ng
    evr: 3.3.17-14.el9
    sourcerpm: procps-ng-3.3.17-14.el9.src.rpm
  - url: https://cdn-ubi.redhat.com/content/public/ubi/dist/ubi9/9/aarch64/baseos/os/Packages/p/publicsuffix-list-dafsa-20210518-3.el9.noarch.rpm
    repoid: ubi-9-for-aarch64-baseos-rpms
    size: 60882
    checksum: sha256:e6ec3390a736b085f403168c512a6b2b6f8e12a8fd5a4459f1c7dbbff2b67c33
    name: publicsuffix-list-dafsa
    evr: 20210518-3.el9
    sourcerpm: publicsuffix-list-20210518-3.el9.src.rpm
  - url: https://cdn-ubi.redhat.com/content/public/ubi/dist/ubi9/9/aarch64/baseos/os/Packages/s/systemd-udev-252-67.el9_8.4.aarch64.rpm
    repoid: ubi-9-for-aarch64-baseos-rpms
    size: 2077065
    checksum: sha256:4fc4e13ea73de65ccdbf1169da01325d228880ba82655ff480cbcc71304e230c
    name: systemd-udev
    evr: 252-67.el9_8.4
    sourcerpm: systemd-252-67.el9_8.4.src.rpm
  source: []
  module_metadata: []
- arch: x86_64
  packages:
  - url: https://cdn-ubi.redhat.com/content/public/ubi/dist/ubi9/9/x86_64/appstream/os/Packages/i/iperf3-3.9-17.el9_8.1.x86_64.rpm
    repoid: ubi-9-for-x86_64-appstream-rpms
    size: 116437
    checksum: sha256:e19e7132eed0af6d8a16692c2ffbe3870fa020a6ad9eea7977d4893e4d520ee6
    name: iperf3
    evr: 3.9-17.el9_8.1
    sourcerpm: iperf3-3.9-17.el9_8.1.src.rpm
  - url: https://cdn-ubi.redhat.com/content/public/ubi/dist/ubi9/9/x86_64/appstream/os/Packages/o/oniguruma-6.9.6-1.el9.5.x86_64.rpm
    repoid: ubi-9-for-x86_64-appstream-rpms
    size: 226331
    checksum: sha256:6c884cc2216e5b4699ebd8cde27b39e99532520b367f645ed6cc660d081916dc
    name: oniguruma
    evr: 6.9.6-1.el9.5
    sourcerpm: oniguruma-6.9.6-1.el9.5.src.rpm
  - url: https://cdn-ubi.redhat.com/content/public/ubi/dist/ubi9/9/x86_64/appstream/os/Packages/t/tcpdump-4.99.0-9.el9.x86_64.rpm
    repoid: ubi-9-for-x86_64-appstream-rpms
    size: 559754
    checksum: sha256:b558071af95cce3f67455ab1625f36b1172ed240c0391d554b8d54c6b7f965ae
    name: tcpdump
    evr: 14:4.99.0-9.el9
    sourcerpm: tcpdump-4.99.0-9.el9.src.rpm
  - url: https://cdn-ubi.redhat.com/content/public/ubi/dist/ubi9/9/x86_64/appstream/os/Packages/w/wget-1.21.1-11.el9_8.x86_64.rpm
    repoid: ubi-9-for-x86_64-appstream-rpms
    size: 809606
    checksum: sha256:42de6fc18dc14722a1793284c2f0692c4159837663168f1dd56925020c1f28f3
    name: wget
    evr: 1.21.1-11.el9_8
    sourcerpm: wget-1.21.1-11.el9_8.src.rpm
  - url: https://cdn-ubi.redhat.com/content/public/ubi/dist/ubi9/9/x86_64/baseos/os/Packages/b/bc-1.07.1-14.el9.x86_64.rpm
    repoid: ubi-9-for-x86_64-baseos-rpms
    size: 127511
    checksum: sha256:9b6d28a6563d4c9f721f031ab0cf146fed097d8c4d186b57eaa8dd9ceb4d0685
    name: bc
    evr: 1.07.1-14.el9
    sourcerpm: bc-1.07.1-14.el9.src.rpm
  - url: https://cdn-ubi.redhat.com/content/public/ubi/dist/ubi9/9/x86_64/baseos/os/Packages/c/cryptsetup-libs-2.8.1-3.el9.x86_64.rpm
    repoid: ubi-9-for-x86_64-baseos-rpms
    size: 582998
    checksum: sha256:cf6aedb89677a193e9f041d4918e21cd61a92df99cad2bc3280d8b89a0c6afbd
    name: cryptsetup-libs
    evr: 2.8.1-3.el9
    sourcerpm: cryptsetup-2.8.1-3.el9.src.rpm
  - url: https://cdn-ubi.redhat.com/content/public/ubi/dist/ubi9/9/x86_64/baseos/os/Packages/d/device-mapper-1.02.207-4.el9_8.1.x86_64.rpm
    repoid: ubi-9-for-x86_64-baseos-rpms
    size: 150134
    checksum: sha256:a14679f7d698cdfbdf7af29c9a834f5e282422f17feb3bf3f3eb15e9f1f77ba2
    name: device-mapper
    evr: 9:1.02.207-4.el9_8.1
    sourcerpm: lvm2-2.03.33-4.el9_8.1.src.rpm
  - url: https://cdn-ubi.redhat.com/content/public/ubi/dist/ubi9/9/x86_64/baseos/os/Packages/d/device-mapper-libs-1.02.207-4.el9_8.1.x86_64.rpm
    repoid: ubi-9-for-x86_64-baseos-rpms
    size: 190068
    checksum: sha256:046cfc5a70fc29c8f1fb07a698d493f334406f31be56314154ed1936ee2ef136
    name: device-mapper-libs
    evr: 9:1.02.207-4.el9_8.1
    sourcerpm: lvm2-2.03.33-4.el9_8.1.src.rpm
  - url: https://cdn-ubi.redhat.com/content/public/ubi/dist/ubi9/9/x86_64/baseos/os/Packages/e/ethtool-6.15-2.el9.x86_64.rpm
    repoid: ubi-9-for-x86_64-baseos-rpms
    size: 338836
    checksum: sha256:0744800fa666390cdbcf894b59f4c55d448ce29fcc66853fd8d142c23eb89c9c
    name: ethtool
    evr: 2:6.15-2.el9
    sourcerpm: ethtool-6.15-2.el9.src.rpm
  - url: https://cdn-ubi.redhat.com/content/public/ubi/dist/ubi9/9/x86_64/baseos/os/Packages/h/hostname-3.23-6.el9.x86_64.rpm
    repoid: ubi-9-for-x86_64-baseos-rpms
    size: 33683
    checksum: sha256:d4c2e4f444b86ef3a26eda5fe39fc30793d31f44d34d885a43b914b83c4dac58
    name: hostname
    evr: 3.23-6.el9
    sourcerpm: hostname-3.23-6.el9.src.rpm
  - url: https://cdn-ubi.redhat.com/content/public/ubi/dist/ubi9/9/x86_64/baseos/os/Packages/h/hwdata-0.348-9.22.el9.noarch.rpm
    repoid: ubi-9-for-x86_64-baseos-rpms
    size: 1773961
    checksum: sha256:c037e4b4e6168eff309f75b1c3b96359734f887528d0d9bb4a6b0dc8e7bcc0e2
    name: hwdata
    evr: 0.348-9.22.el9
    sourcerpm: hwdata-0.348-9.22.el9.src.rpm
  - url: https://cdn-ubi.redhat.com/content/public/ubi/dist/ubi9/9/x86_64/baseos/os/Packages/i/iputils-20210202-15.el9_7.x86_64.rpm
    repoid: ubi-9-for-x86_64-baseos-rpms
    size: 177748
    checksum: sha256:f099fdfcdfce422719ca0b7335101ad0a6c2b4c55ac015796d00e675bc02fc11
    name: iputils
    evr: 20210202-15.el9_7
    sourcerpm: iputils-20210202-15.el9_7.src.rpm
  - url: https://cdn-ubi.redhat.com/content/public/ubi/dist/ubi9/9/x86_64/baseos/os/Packages/j/jq-1.6-19.el9_8.2.x86_64.rpm
    repoid: ubi-9-for-x86_64-baseos-rpms
    size: 197453
    checksum: sha256:9793a39a4746a09ba89c3d9ccc70150ac6c878286deee26d7e3aabede4666417
    name: jq
    evr: 1.6-19.el9_8.2
    sourcerpm: jq-1.6-19.el9_8.2.src.rpm
  - url: https://cdn-ubi.redhat.com/content/public/ubi/dist/ubi9/9/x86_64/baseos/os/Packages/k/kbd-2.4.0-12.el9_8.x86_64.rpm
    repoid: ubi-9-for-x86_64-baseos-rpms
    size: 432856
    checksum: sha256:0c34db3a591e2b407f842a9a88a2dd934e5828fd706298f08b48c8717aeb140f
    name: kbd
    evr: 2.4.0-12.el9_8
    sourcerpm: kbd-2.4.0-12.el9_8.src.rpm
  - url: https://cdn-ubi.redhat.com/content/public/ubi/dist/ubi9/9/x86_64/baseos/os/Packages/k/kbd-legacy-2.4.0-12.el9_8.noarch.rpm
    repoid: ubi-9-for-x86_64-baseos-rpms
    size: 581999
    checksum: sha256:afa9554281da4aee85281208c67f748363da116cd20703cf454ec8348b3e945d
    name: kbd-legacy
    evr: 2.4.0-12.el9_8
    sourcerpm: kbd-2.4.0-12.el9_8.src.rpm
  - url: https://cdn-ubi.redhat.com/content/public/ubi/dist/ubi9/9/x86_64/baseos/os/Packages/k/kbd-misc-2.4.0-12.el9_8.noarch.rpm
    repoid: ubi-9-for-x86_64-baseos-rpms
    size: 1741836
    checksum: sha256:d18d23826f34a8b7b5ad64eacb4e32cbc0fa5f332d64d70e8e0c27e11b0f2506
    name: kbd-misc
    evr: 2.4.0-12.el9_8
    sourcerpm: kbd-2.4.0-12.el9_8.src.rpm
  - url: https://cdn-ubi.redhat.com/content/public/ubi/dist/ubi9/9/x86_64/baseos/os/Packages/k/kmod-28-11.el9.x86_64.rpm
    repoid: ubi-9-for-x86_64-baseos-rpms
    size: 127775
    checksum: sha256:f85ac587f3c6abab55c30986b5f4af790c3fa2f2a413057db8e9250c79825b5d
    name: kmod
    evr: 28-11.el9
    sourcerpm: kmod-28-11.el9.src.rpm
  - url: https://cdn-ubi.redhat.com/content/public/ubi/dist/ubi9/9/x86_64/baseos/os/Packages/l/libibverbs-61.0-2.el9.x86_64.rpm
    repoid: ubi-9-for-x86_64-baseos-rpms
    size: 498499
    checksum: sha256:4789955ff27b0339c2b61ad52d492965e0ad7f02cd44b68370ca82d6aa596b41
    name: libibverbs
    evr: 61.0-2.el9
    sourcerpm: rdma-core-61.0-2.el9.src.rpm
  - url: https://cdn-ubi.redhat.com/content/public/ubi/dist/ubi9/9/x86_64/baseos/os/Packages/l/libnl3-3.11.0-1.el9.x86_64.rpm
    repoid: ubi-9-for-x86_64-baseos-rpms
    size: 376137
    checksum: sha256:89728a253a5bf1c8e01c40573f1283d40188e003bdbd4ac565f8b0f05bced55c
    name: libnl3
    evr: 3.11.0-1.el9
    sourcerpm: libnl3-3.11.0-1.el9.src.rpm
  - url: https://cdn-ubi.redhat.com/content/public/ubi/dist/ubi9/9/x86_64/baseos/os/Packages/l/libpcap-1.10.0-4.el9.x86_64.rpm
    repoid: ubi-9-for-x86_64-baseos-rpms
    size: 180846
    checksum: sha256:3c0c51cc6b947970812238914713f1f96aa5e9bdaaceb6ee50249540ad89f05b
    name: libpcap
    evr: 14:1.10.0-4.el9
    sourcerpm: libpcap-1.10.0-4.el9.src.rpm
  - url: https://cdn-ubi.redhat.com/content/public/ubi/dist/ubi9/9/x86_64/baseos/os/Packages/l/libpsl-0.21.1-5.el9.x86_64.rpm
    repoid: ubi-9-for-x86_64-baseos-rpms
    size: 67454
    checksum: sha256:ad1a62ef07682bb64a476c1a49f5cfc7abc9beb44775e7e511bf737e9a6bf99d
    name: libpsl
    evr: 0.21.1-5.el9
    sourcerpm: libpsl-0.21.1-5.el9.src.rpm
  - url: https://cdn-ubi.redhat.com/content/public/ubi/dist/ubi9/9/x86_64/baseos/os/Packages/l/lksctp-tools-1.0.19-3.el9_4.x86_64.rpm
    repoid: ubi-9-for-x86_64-baseos-rpms
    size: 106024
    checksum: sha256:ac2fc5dcba641ec68b03db44c0b644ef10661bc89a060be2aa1eaa9c6a4215db
    name: lksctp-tools
    evr: 1.0.19-3.el9_4
    sourcerpm: lksctp-tools-1.0.19-3.el9_4.src.rpm
  - url: https://cdn-ubi.redhat.com/content/public/ubi/dist/ubi9/9/x86_64/baseos/os/Packages/n/net-tools-2.0-0.64.20160912git.el9.x86_64.rpm
    repoid: ubi-9-for-x86_64-baseos-rpms
    size: 319553
    checksum: sha256:8981f2681a07202476e0a82c5a1bb275216849d8c6d2afe78b437675b12fabed
    name: net-tools
    evr: 2.0-0.64.20160912git.el9
    sourcerpm: net-tools-2.0-0.64.20160912git.el9.src.rpm
  - url: https://cdn-ubi.redhat.com/content/public/ubi/dist/ubi9/9/x86_64/baseos/os/Packages/n/numactl-2.0.19-3.el9.x86_64.rpm
    repoid: ubi-9-for-x86_64-baseos-rpms
    size: 70897
    checksum: sha256:cde335982eb86c2e85c27bb1886372f24e6b109099a2cdc9e4a2de1714b105f3
    name: numactl
    evr: 2.0.19-3.el9
    sourcerpm: numactl-2.0.19-3.el9.src.rpm
  - url: https://cdn-ubi.redhat.com/content/public/ubi/dist/ubi9/9/x86_64/baseos/os/Packages/n/numactl-libs-2.0.19-3.el9.x86_64.rpm
    repoid: ubi-9-for-x86_64-baseos-rpms
    size: 31071
    checksum: sha256:dcf66dcbdacd6d030f240de129ba1e939c30ed4217ccf40d36dcaebb3aa9e728
    name: numactl-libs
    evr: 2.0.19-3.el9
    sourcerpm: numactl-2.0.19-3.el9.src.rpm
  - url: https://cdn-ubi.redhat.com/content/public/ubi/dist/ubi9/9/x86_64/baseos/os/Packages/p/pciutils-3.7.0-7.el9.x86_64.rpm
    repoid: ubi-9-for-x86_64-baseos-rpms
    size: 98775
    checksum: sha256:f9790ff09822692f432aa59b8e6e69620ec118fa86d99d7b15ef2f0a6569b442
    name: pciutils
    evr: 3.7.0-7.el9
    sourcerpm: pciutils-3.7.0-7.el9.src.rpm
  - url: https://cdn-ubi.redhat.com/content/public/ubi/dist/ubi9/9/x86_64/baseos/os/Packages/p/pciutils-libs-3.7.0-7.el9.x86_64.rpm
    repoid: ubi-9-for-x86_64-baseos-rpms
    size: 43562
    checksum: sha256:468f1102d03ebda5ff883c34fc6a76a6b72faf9f230fbcec61432631943846b9
    name: pciutils-libs
    evr: 3.7.0-7.el9
    sourcerpm: pciutils-3.7.0-7.el9.src.rpm
  - url: https://cdn-ubi.redhat.com/content/public/ubi/dist/ubi9/9/x86_64/baseos/os/Packages/p/procps-ng-3.3.17-14.el9.x86_64.rpm
    repoid: ubi-9-for-x86_64-baseos-rpms
    size: 361526
    checksum: sha256:506ad778f63821e8d9647ca8e0a3ff21b8af9c1666060d5200f9b26ee718333c
    name: procps-ng
    evr: 3.3.17-14.el9
    sourcerpm: procps-ng-3.3.17-14.el9.src.rpm
  - url: https://cdn-ubi.redhat.com/content/public/ubi/dist/ubi9/9/x86_64/baseos/os/Packages/p/publicsuffix-list-dafsa-20210518-3.el9.noarch.rpm
    repoid: ubi-9-for-x86_64-baseos-rpms
    size: 60882
    checksum: sha256:e6ec3390a736b085f403168c512a6b2b6f8e12a8fd5a4459f1c7dbbff2b67c33
    name: publicsuffix-list-dafsa
    evr: 20210518-3.el9
    sourcerpm: publicsuffix-list-20210518-3.el9.src.rpm
  - url: https://cdn-ubi.redhat.com/content/public/ubi/dist/ubi9/9/x86_64/baseos/os/Packages/s/systemd-udev-252-67.el9_8.4.x86_64.rpm
    repoid: ubi-9-for-x86_64-baseos-rpms
    size: 2126933
    checksum: sha256:9d507b1c2a6c9545f892e2e0bd3cc2891228eaac8f0d6104a4924b737f5ad648
    name: systemd-udev
    evr: 252-67.el9_8.4
    sourcerpm: systemd-252-67.el9_8.4.src.rpm
  source: []
  module_metadata: []
